// !$*UTF8*$!
{
	archiveVersion = 1;
	classes = {
	};
	objectVersion = 70;
	objects = {

/* Begin PBXBuildFile section */
		27A8F7D5C4375871A26FD7D4 /* AlarmSettingsSection.swift in Sources */ = {isa = PBXBuildFile; fileRef = D53680684A0330FB9B8F8E8D /* AlarmSettingsSection.swift */; };
		27A8F7D6C4375871A26FD7D5 /* RingSetupView.swift in Sources */ = {isa = PBXBuildFile; fileRef = D53680694A0330FB9B8F8E8E /* RingSetupView.swift */; };
		27A8F7D7C4375871A26FD7D6 /* ZmanArcCard.swift in Sources */ = {isa = PBXBuildFile; fileRef = D53680704A0330FB9B8F8E90 /* ZmanArcCard.swift */; };
		AAA00001A0330FB9B8F8E901 /* ShabbatWeekArcCard.swift in Sources */ = {isa = PBXBuildFile; fileRef = AAA00001A0330FB9B8F8E902 /* ShabbatWeekArcCard.swift */; };
		27A8F7D8C4375871A26FD7D7 /* ShabbatChecklistView.swift in Sources */ = {isa = PBXBuildFile; fileRef = D536806A4A0330FB9B8F8E8F /* ShabbatChecklistView.swift */; };
		27A8F7E1C4375871A26FD7E1 /* AlarmPermissionBanner.swift in Sources */ = {isa = PBXBuildFile; fileRef = D53680714A0330FB9B8F8E91 /* AlarmPermissionBanner.swift */; };
		AAA00001 /* ShabbatClockApp.swift in Sources */ = {isa = PBXBuildFile; fileRef = BBB00001 /* ShabbatClockApp.swift */; };
		AAA00002 /* ContentView.swift in Sources */ = {isa = PBXBuildFile; fileRef = BBB00002 /* ContentView.swift */; };
		AAA00010 /* Alarm.swift in Sources */ = {isa = PBXBuildFile; fileRef = BBB00010 /* Alarm.swift */; };
		AAA00011 /* AlarmSound.swift in Sources */ = {isa = PBXBuildFile; fileRef = BBB00011 /* AlarmSound.swift */; };
		AAA00012 /* ShabbatAlarmMetadata.swift in Sources */ = {isa = PBXBuildFile; fileRef = BBB00012 /* ShabbatAlarmMetadata.swift */; };
		AAA00021 /* AudioManager.swift in Sources */ = {isa = PBXBuildFile; fileRef = BBB00021 /* AudioManager.swift */; };
		AAA00023 /* LocationManager.swift in Sources */ = {isa = PBXBuildFile; fileRef = BBB00023 /* LocationManager.swift */; };
		AAA00024 /* ZmanimService.swift in Sources */ = {isa = PBXBuildFile; fileRef = BBB00024 /* ZmanimService.swift */; };
		AAA00025 /* AlarmKitService.swift in Sources */ = {isa = PBXBuildFile; fileRef = BBB00025 /* AlarmKitService.swift */; };
		AAA00026 /* StopAlarmIntent.swift in Sources */ = {isa = PBXBuildFile; fileRef = BBB00026 /* StopAlarmIntent.swift */; };
		AAA00027 /* StoreManager.swift in Sources */ = {isa = PBXBuildFile; fileRef = BBB00027 /* StoreManager.swift */; };
		AAA00030 /* Theme.swift in Sources */ = {isa = PBXBuildFile; fileRef = BBB00030 /* Theme.swift */; };
		AAA00031 /* AppURLs.swift in Sources */ = {isa = PBXBuildFile; fileRef = BBB00031 /* AppURLs.swift */; };
		AAA00032 /* TimeFormatter.swift in Sources */ = {isa = PBXBuildFile; fileRef = BBB00032 /* TimeFormatter.swift */; };
		AAA00040 /* NightSkyBackground.swift in Sources */ = {isa = PBXBuildFile; fileRef = BBB00040 /* NightSkyBackground.swift */; };
		AAA00050 /* AnalogClockView.swift in Sources */ = {isa = PBXBuildFile; fileRef = BBB00050 /* AnalogClockView.swift */; };
		AAA00051 /* MainClockView.swift in Sources */ = {isa = PBXBuildFile; fileRef = BBB00051 /* MainClockView.swift */; };
		AAA00060 /* AlarmListView.swift in Sources */ = {isa = PBXBuildFile; fileRef = BBB00060 /* AlarmListView.swift */; };
		AAA00061 /* AlarmRowView.swift in Sources */ = {isa = PBXBuildFile; fileRef = BBB00061 /* AlarmRowView.swift */; };
		AAA00070 /* AlarmEditView.swift in Sources */ = {isa = PBXBuildFile; fileRef = BBB00070 /* AlarmEditView.swift */; };
		AAA00071 /* RepeatDaysPicker.swift in Sources */ = {isa = PBXBuildFile; fileRef = BBB00071 /* RepeatDaysPicker.swift */; };
		AAA00072 /* SoundPickerView.swift in Sources */ = {isa = PBXBuildFile; fileRef = BBB00072 /* SoundPickerView.swift */; };
		AAA00090 /* ZmanimView.swift in Sources */ = {isa = PBXBuildFile; fileRef = BBB00090 /* ZmanimView.swift */; };
		AAA00100 /* SettingsView.swift in Sources */ = {isa = PBXBuildFile; fileRef = BBB00100 /* SettingsView.swift */; };
		AAA00101 /* PremiumView.swift in Sources */ = {isa = PBXBuildFile; fileRef = BBB00101 /* PremiumView.swift */; };
		AAA00102 /* DebugView.swift in Sources */ = {isa = PBXBuildFile; fileRef = BBB00102 /* DebugView.swift */; };
		AAA00103 /* OnboardingView.swift in Sources */ = {isa = PBXBuildFile; fileRef = BBB00103 /* OnboardingView.swift */; };
		AAA00200 /* Sounds in Resources */ = {isa = PBXBuildFile; fileRef = BBB00200 /* Sounds */; };
		AAA00400 /* CustomSound.swift in Sources */ = {isa = PBXBuildFile; fileRef = BBB00400 /* CustomSound.swift */; };
		AAA00401 /* CustomSoundStore.swift in Sources */ = {isa = PBXBuildFile; fileRef = BBB00401 /* CustomSoundStore.swift */; };
		AAA00402 /* AudioRecordingManager.swift in Sources */ = {isa = PBXBuildFile; fileRef = BBB00402 /* AudioRecordingManager.swift */; };
		AAA00403 /* AudioTrimmer.swift in Sources */ = {isa = PBXBuildFile; fileRef = BBB00403 /* AudioTrimmer.swift */; };
		AAA00404 /* SoundRecordingView.swift in Sources */ = {isa = PBXBuildFile; fileRef = BBB00404 /* SoundRecordingView.swift */; };
		AAA00405 /* CustomSoundDeletion.swift in Sources */ = {isa = PBXBuildFile; fileRef = BBB00405 /* CustomSoundDeletion.swift */; };
		AAA00406 /* CustomSoundsSettingsView.swift in Sources */ = {isa = PBXBuildFile; fileRef = BBB00406 /* CustomSoundsSettingsView.swift */; };
		AAANALY01 /* AnalyticsService.swift in Sources */ = {isa = PBXBuildFile; fileRef = BBBANALY01 /* AnalyticsService.swift */; };
		AAASECRE01 /* Secrets.plist in Resources */ = {isa = PBXBuildFile; fileRef = BBBSECRE01 /* Secrets.plist */; };
		AARMTCFG01 /* RemoteConfigService.swift in Sources */ = {isa = PBXBuildFile; fileRef = BBBRMTCFG01 /* RemoteConfigService.swift */; };
		BF7213DF338B8C9C1EB62A43 /* ZmanAlarmSyncService.swift in Sources */ = {isa = PBXBuildFile; fileRef = 028EB2C3066B848E89E860AB /* ZmanAlarmSyncService.swift */; };
		D40E6C7B840ABF9C1F8D35F9 /* ZmanAlarmSheet.swift in Sources */ = {isa = PBXBuildFile; fileRef = 20A4226EB6DEE08BEB8E2C17 /* ZmanAlarmSheet.swift */; };
		DD112234 /* Localizable.xcstrings in Resources */ = {isa = PBXBuildFile; fileRef = DD112233 /* Localizable.xcstrings */; };
		DD112236 /* InfoPlist.xcstrings in Resources */ = {isa = PBXBuildFile; fileRef = DD112235 /* InfoPlist.xcstrings */; };
		DD8859E3 /* LocationRow.swift in Sources */ = {isa = PBXBuildFile; fileRef = CC27FEBA /* LocationRow.swift */; };
		DD8859E4 /* PermissionPromptView.swift in Sources */ = {isa = PBXBuildFile; fileRef = CC27FEBB /* PermissionPromptView.swift */; };
		DD8859E5 /* SwipeToDelete.swift in Sources */ = {isa = PBXBuildFile; fileRef = CC27FEBC /* SwipeToDelete.swift */; };
		DDAB2E76 /* CitySearchView.swift in Sources */ = {isa = PBXBuildFile; fileRef = CCE4824B /* CitySearchView.swift */; };
		ED823EEC2F9B8C9C0084B452 /* Mixpanel in Frameworks */ = {isa = PBXBuildFile; productRef = ED823EEB2F9B8C9C0084B452 /* Mixpanel */; };
		ED823F892F9D36E60084B452 /* FirebaseAnalytics in Frameworks */ = {isa = PBXBuildFile; productRef = ED823F882F9D36E60084B452 /* FirebaseAnalytics */; };
		ED823F8B2F9D36E60084B452 /* FirebaseRemoteConfig in Frameworks */ = {isa = PBXBuildFile; productRef = ED823F8A2F9D36E60084B452 /* FirebaseRemoteConfig */; };
		ED823F922F9D39F30084B452 /* RemoteConfigDefaults.plist in Resources */ = {isa = PBXBuildFile; fileRef = ED823F912F9D39F30084B452 /* RemoteConfigDefaults.plist */; };
		ED823FC02F9D3B850084B452 /* GoogleService-Info.plist in Resources */ = {isa = PBXBuildFile; fileRef = ED823FBF2F9D3B850084B452 /* GoogleService-Info.plist */; };
		EDE72F3C2F8BFB3100E40DFF /* WidgetKit.framework in Frameworks */ = {isa = PBXBuildFile; fileRef = EDE72F3B2F8BFB3100E40DFF /* WidgetKit.framework */; };
		EDE72F3E2F8BFB3100E40DFF /* SwiftUI.framework in Frameworks */ = {isa = PBXBuildFile; fileRef = EDE72F3D2F8BFB3100E40DFF /* SwiftUI.framework */; };
		EDE72F4B2F8BFB3200E40DFF /* widgetsExtension.appex in Embed Foundation Extensions */ = {isa = PBXBuildFile; fileRef = EDE72F392F8BFB3100E40DFF /* widgetsExtension.appex */; settings = {ATTRIBUTES = (RemoveHeadersOnCopy, ); }; };
		EDF6A1E02F23A6860052797F /* KosherSwift in Frameworks */ = {isa = PBXBuildFile; productRef = EDF6A1DF2F23A6860052797F /* KosherSwift */; };
		EDF6A1E52F23BA5C0052797F /* Media.xcassets in Resources */ = {isa = PBXBuildFile; fileRef = EDF6A1E42F23BA5C0052797F /* Media.xcassets */; };
		FC9AFE400A4C3BA8F9DC6356 /* ShabbatReminderService.swift in Sources */ = {isa = PBXBuildFile; fileRef = C5037BE5C6470E9A17CA8F51 /* ShabbatReminderService.swift */; };
/* End PBXBuildFile section */

/* Begin PBXContainerItemProxy section */
		EDE72F492F8BFB3200E40DFF /* PBXContainerItemProxy */ = {
			isa = PBXContainerItemProxy;
			containerPortal = JJJ00001 /* Project object */;
			proxyType = 1;
			remoteGlobalIDString = EDE72F382F8BFB3100E40DFF;
			remoteInfo = widgetsExtension;
		};
/* End PBXContainerItemProxy section */

/* Begin PBXCopyFilesBuildPhase section */
		EDE72F502F8BFB3200E40DFF /* Embed Foundation Extensions */ = {
			isa = PBXCopyFilesBuildPhase;
			buildActionMask = 2147483647;
			dstPath = "";
			dstSubfolderSpec = 13;
			files = (
				EDE72F4B2F8BFB3200E40DFF /* widgetsExtension.appex in Embed Foundation Extensions */,
			);
			name = "Embed Foundation Extensions";
			runOnlyForDeploymentPostprocessing = 0;
		};
/* End PBXCopyFilesBuildPhase section */

/* Begin PBXFileReference section */
		028EB2C3066B848E89E860AB /* ZmanAlarmSyncService.swift */ = {isa = PBXFileReference; includeInIndex = 1; lastKnownFileType = sourcecode.swift; path = ZmanAlarmSyncService.swift; sourceTree = "<group>"; };
		20A4226EB6DEE08BEB8E2C17 /* ZmanAlarmSheet.swift */ = {isa = PBXFileReference; includeInIndex = 1; lastKnownFileType = sourcecode.swift; path = ZmanAlarmSheet.swift; sourceTree = "<group>"; };
		BBB00001 /* ShabbatClockApp.swift */ = {isa = PBXFileReference; lastKnownFileType = sourcecode.swift; path = ShabbatClockApp.swift; sourceTree = "<group>"; };
		BBB00002 /* ContentView.swift */ = {isa = PBXFileReference; lastKnownFileType = sourcecode.swift; path = ContentView.swift; sourceTree = "<group>"; };
		BBB00010 /* Alarm.swift */ = {isa = PBXFileReference; lastKnownFileType = sourcecode.swift; path = Alarm.swift; sourceTree = "<group>"; };
		BBB00011 /* AlarmSound.swift */ = {isa = PBXFileReference; lastKnownFileType = sourcecode.swift; path = AlarmSound.swift; sourceTree = "<group>"; };
		BBB00012 /* ShabbatAlarmMetadata.swift */ = {isa = PBXFileReference; lastKnownFileType = sourcecode.swift; path = ShabbatAlarmMetadata.swift; sourceTree = "<group>"; };
		BBB00021 /* AudioManager.swift */ = {isa = PBXFileReference; lastKnownFileType = sourcecode.swift; path = AudioManager.swift; sourceTree = "<group>"; };
		BBB00023 /* LocationManager.swift */ = {isa = PBXFileReference; lastKnownFileType = sourcecode.swift; path = LocationManager.swift; sourceTree = "<group>"; };
		BBB00024 /* ZmanimService.swift */ = {isa = PBXFileReference; lastKnownFileType = sourcecode.swift; path = ZmanimService.swift; sourceTree = "<group>"; };
		BBB00025 /* AlarmKitService.swift */ = {isa = PBXFileReference; lastKnownFileType = sourcecode.swift; path = AlarmKitService.swift; sourceTree = "<group>"; };
		BBB00026 /* StopAlarmIntent.swift */ = {isa = PBXFileReference; lastKnownFileType = sourcecode.swift; path = StopAlarmIntent.swift; sourceTree = "<group>"; };
		BBB00027 /* StoreManager.swift */ = {isa = PBXFileReference; lastKnownFileType = sourcecode.swift; path = StoreManager.swift; sourceTree = "<group>"; };
		BBB00028 /* Products.storekit */ = {isa = PBXFileReference; lastKnownFileType = text; path = Products.storekit; sourceTree = "<group>"; };
		BBB00030 /* Theme.swift */ = {isa = PBXFileReference; lastKnownFileType = sourcecode.swift; path = Theme.swift; sourceTree = "<group>"; };
		BBB00031 /* AppURLs.swift */ = {isa = PBXFileReference; lastKnownFileType = sourcecode.swift; path = AppURLs.swift; sourceTree = "<group>"; };
		BBB00032 /* TimeFormatter.swift */ = {isa = PBXFileReference; lastKnownFileType = sourcecode.swift; path = TimeFormatter.swift; sourceTree = "<group>"; };
		BBB00040 /* NightSkyBackground.swift */ = {isa = PBXFileReference; lastKnownFileType = sourcecode.swift; path = NightSkyBackground.swift; sourceTree = "<group>"; };
		BBB00050 /* AnalogClockView.swift */ = {isa = PBXFileReference; lastKnownFileType = sourcecode.swift; path = AnalogClockView.swift; sourceTree = "<group>"; };
		BBB00051 /* MainClockView.swift */ = {isa = PBXFileReference; lastKnownFileType = sourcecode.swift; path = MainClockView.swift; sourceTree = "<group>"; };
		BBB00060 /* AlarmListView.swift */ = {isa = PBXFileReference; lastKnownFileType = sourcecode.swift; path = AlarmListView.swift; sourceTree = "<group>"; };
		BBB00061 /* AlarmRowView.swift */ = {isa = PBXFileReference; lastKnownFileType = sourcecode.swift; path = AlarmRowView.swift; sourceTree = "<group>"; };
		BBB00070 /* AlarmEditView.swift */ = {isa = PBXFileReference; lastKnownFileType = sourcecode.swift; path = AlarmEditView.swift; sourceTree = "<group>"; };
		BBB00071 /* RepeatDaysPicker.swift */ = {isa = PBXFileReference; lastKnownFileType = sourcecode.swift; path = RepeatDaysPicker.swift; sourceTree = "<group>"; };
		BBB00072 /* SoundPickerView.swift */ = {isa = PBXFileReference; lastKnownFileType = sourcecode.swift; path = SoundPickerView.swift; sourceTree = "<group>"; };
		BBB00090 /* ZmanimView.swift */ = {isa = PBXFileReference; lastKnownFileType = sourcecode.swift; path = ZmanimView.swift; sourceTree = "<group>"; };
		BBB00100 /* SettingsView.swift */ = {isa = PBXFileReference; lastKnownFileType = sourcecode.swift; path = SettingsView.swift; sourceTree = "<group>"; };
		BBB00101 /* PremiumView.swift */ = {isa = PBXFileReference; lastKnownFileType = sourcecode.swift; path = PremiumView.swift; sourceTree = "<group>"; };
		BBB00102 /* DebugView.swift */ = {isa = PBXFileReference; lastKnownFileType = sourcecode.swift; path = DebugView.swift; sourceTree = "<group>"; };
		BBB00103 /* OnboardingView.swift */ = {isa = PBXFileReference; lastKnownFileType = sourcecode.swift; path = OnboardingView.swift; sourceTree = "<group>"; };
		BBB00200 /* Sounds */ = {isa = PBXFileReference; lastKnownFileType = folder; path = Sounds; sourceTree = "<group>"; };
		BBB00201 /* Info.plist */ = {isa = PBXFileReference; lastKnownFileType = text.plist.xml; path = Info.plist; sourceTree = "<group>"; };
		BBB00400 /* CustomSound.swift */ = {isa = PBXFileReference; lastKnownFileType = sourcecode.swift; path = CustomSound.swift; sourceTree = "<group>"; };
		BBB00401 /* CustomSoundStore.swift */ = {isa = PBXFileReference; lastKnownFileType = sourcecode.swift; path = CustomSoundStore.swift; sourceTree = "<group>"; };
		BBB00402 /* AudioRecordingManager.swift */ = {isa = PBXFileReference; lastKnownFileType = sourcecode.swift; path = AudioRecordingManager.swift; sourceTree = "<group>"; };
		BBB00403 /* AudioTrimmer.swift */ = {isa = PBXFileReference; lastKnownFileType = sourcecode.swift; path = AudioTrimmer.swift; sourceTree = "<group>"; };
		BBB00404 /* SoundRecordingView.swift */ = {isa = PBXFileReference; lastKnownFileType = sourcecode.swift; path = SoundRecordingView.swift; sourceTree = "<group>"; };
		BBB00405 /* CustomSoundDeletion.swift */ = {isa = PBXFileReference; lastKnownFileType = sourcecode.swift; path = CustomSoundDeletion.swift; sourceTree = "<group>"; };
		BBB00406 /* CustomSoundsSettingsView.swift */ = {isa = PBXFileReference; lastKnownFileType = sourcecode.swift; path = CustomSoundsSettingsView.swift; sourceTree = "<group>"; };
		BBBANALY01 /* AnalyticsService.swift */ = {isa = PBXFileReference; lastKnownFileType = sourcecode.swift; path = AnalyticsService.swift; sourceTree = "<group>"; };
		BBBRMTCFG01 /* RemoteConfigService.swift */ = {isa = PBXFileReference; lastKnownFileType = sourcecode.swift; path = RemoteConfigService.swift; sourceTree = "<group>"; };
		BBBSECRE01 /* Secrets.plist */ = {isa = PBXFileReference; lastKnownFileType = text.plist.xml; path = Secrets.plist; sourceTree = "<group>"; };
		C5037BE5C6470E9A17CA8F51 /* ShabbatReminderService.swift */ = {isa = PBXFileReference; includeInIndex = 1; lastKnownFileType = sourcecode.swift; path = ShabbatReminderService.swift; sourceTree = "<group>"; };
		CC27FEBA /* LocationRow.swift */ = {isa = PBXFileReference; lastKnownFileType = sourcecode.swift; path = LocationRow.swift; sourceTree = "<group>"; };
		CC27FEBB /* PermissionPromptView.swift */ = {isa = PBXFileReference; lastKnownFileType = sourcecode.swift; path = PermissionPromptView.swift; sourceTree = "<group>"; };
		CC27FEBC /* SwipeToDelete.swift */ = {isa = PBXFileReference; lastKnownFileType = sourcecode.swift; path = SwipeToDelete.swift; sourceTree = "<group>"; };
		CCC00001 /* ShabbatClock.app */ = {isa = PBXFileReference; explicitFileType = wrapper.application; includeInIndex = 0; path = ShabbatClock.app; sourceTree = BUILT_PRODUCTS_DIR; };
		CCE4824B /* CitySearchView.swift */ = {isa = PBXFileReference; lastKnownFileType = sourcecode.swift; path = CitySearchView.swift; sourceTree = "<group>"; };
		D53680684A0330FB9B8F8E8D /* AlarmSettingsSection.swift */ = {isa = PBXFileReference; includeInIndex = 1; lastKnownFileType = sourcecode.swift; path = AlarmSettingsSection.swift; sourceTree = "<group>"; };
		D53680694A0330FB9B8F8E8E /* RingSetupView.swift */ = {isa = PBXFileReference; includeInIndex = 1; lastKnownFileType = sourcecode.swift; path = RingSetupView.swift; sourceTree = "<group>"; };
		D536806A4A0330FB9B8F8E8F /* ShabbatChecklistView.swift */ = {isa = PBXFileReference; includeInIndex = 1; lastKnownFileType = sourcecode.swift; path = ShabbatChecklistView.swift; sourceTree = "<group>"; };
		D53680704A0330FB9B8F8E90 /* ZmanArcCard.swift */ = {isa = PBXFileReference; includeInIndex = 1; lastKnownFileType = sourcecode.swift; path = ZmanArcCard.swift; sourceTree = "<group>"; };
		AAA00001A0330FB9B8F8E902 /* ShabbatWeekArcCard.swift */ = {isa = PBXFileReference; includeInIndex = 1; lastKnownFileType = sourcecode.swift; path = ShabbatWeekArcCard.swift; sourceTree = "<group>"; };
		D53680714A0330FB9B8F8E91 /* AlarmPermissionBanner.swift */ = {isa = PBXFileReference; includeInIndex = 1; lastKnownFileType = sourcecode.swift; path = AlarmPermissionBanner.swift; sourceTree = "<group>"; };
		DD112233 /* Localizable.xcstrings */ = {isa = PBXFileReference; lastKnownFileType = text.json.xcstrings; path = Localizable.xcstrings; sourceTree = "<group>"; };
		DD112235 /* InfoPlist.xcstrings */ = {isa = PBXFileReference; lastKnownFileType = text.json.xcstrings; path = InfoPlist.xcstrings; sourceTree = "<group>"; };
		ED823F912F9D39F30084B452 /* RemoteConfigDefaults.plist */ = {isa = PBXFileReference; lastKnownFileType = text.plist.xml; path = RemoteConfigDefaults.plist; sourceTree = "<group>"; };
		ED823FBF2F9D3B850084B452 /* GoogleService-Info.plist */ = {isa = PBXFileReference; lastKnownFileType = text.plist.xml; path = "GoogleService-Info.plist"; sourceTree = "<group>"; };
		EDE72F392F8BFB3100E40DFF /* widgetsExtension.appex */ = {isa = PBXFileReference; explicitFileType = "wrapper.app-extension"; includeInIndex = 0; path = widgetsExtension.appex; sourceTree = BUILT_PRODUCTS_DIR; };
		EDE72F3B2F8BFB3100E40DFF /* WidgetKit.framework */ = {isa = PBXFileReference; lastKnownFileType = wrapper.framework; name = WidgetKit.framework; path = System/Library/Frameworks/WidgetKit.framework; sourceTree = SDKROOT; };
		EDE72F3D2F8BFB3100E40DFF /* SwiftUI.framework */ = {isa = PBXFileReference; lastKnownFileType = wrapper.framework; name = SwiftUI.framework; path = System/Library/Frameworks/SwiftUI.framework; sourceTree = SDKROOT; };
		EDF6A1E42F23BA5C0052797F /* Media.xcassets */ = {isa = PBXFileReference; lastKnownFileType = folder.assetcatalog; name = Media.xcassets; path = Resources/Media.xcassets; sourceTree = "<group>"; };
/* End PBXFileReference section */

/* Begin PBXFileSystemSynchronizedBuildFileExceptionSet section */
		EDE72F4C2F8BFB3200E40DFF /* PBXFileSystemSynchronizedBuildFileExceptionSet */ = {
			isa = PBXFileSystemSynchronizedBuildFileExceptionSet;
			membershipExceptions = (
				Info.plist,
			);
			target = EDE72F382F8BFB3100E40DFF /* widgetsExtension */;
		};
/* End PBXFileSystemSynchronizedBuildFileExceptionSet section */

/* Begin PBXFileSystemSynchronizedRootGroup section */
		EDE72F3F2F8BFB3100E40DFF /* widgets */ = {isa = PBXFileSystemSynchronizedRootGroup; exceptions = (EDE72F4C2F8BFB3200E40DFF /* PBXFileSystemSynchronizedBuildFileExceptionSet */, ); explicitFileTypes = {}; explicitFolders = (); path = widgets; sourceTree = "<group>"; };
/* End PBXFileSystemSynchronizedRootGroup section */

/* Begin PBXFrameworksBuildPhase section */
		DDD00001 /* Frameworks */ = {
			isa = PBXFrameworksBuildPhase;
			buildActionMask = 2147483647;
			files = (
				ED823EEC2F9B8C9C0084B452 /* Mixpanel in Frameworks */,
				EDF6A1E02F23A6860052797F /* KosherSwift in Frameworks */,
				ED823F892F9D36E60084B452 /* FirebaseAnalytics in Frameworks */,
				ED823F8B2F9D36E60084B452 /* FirebaseRemoteConfig in Frameworks */,
			);
			runOnlyForDeploymentPostprocessing = 0;
		};
		EDE72F362F8BFB3100E40DFF /* Frameworks */ = {
			isa = PBXFrameworksBuildPhase;
			buildActionMask = 2147483647;
			files = (
				EDE72F3E2F8BFB3100E40DFF /* SwiftUI.framework in Frameworks */,
				EDE72F3C2F8BFB3100E40DFF /* WidgetKit.framework in Frameworks */,
			);
			runOnlyForDeploymentPostprocessing = 0;
		};
/* End PBXFrameworksBuildPhase section */

/* Begin PBXGroup section */
		EDE72F3A2F8BFB3100E40DFF /* Frameworks */ = {
			isa = PBXGroup;
			children = (
				EDE72F3B2F8BFB3100E40DFF /* WidgetKit.framework */,
				EDE72F3D2F8BFB3100E40DFF /* SwiftUI.framework */,
			);
			name = Frameworks;
			sourceTree = "<group>";
		};
		EEE00000 = {
			isa = PBXGroup;
			children = (
				EEE00001 /* ShabbatClock */,
				EDE72F3F2F8BFB3100E40DFF /* widgets */,
				EDE72F3A2F8BFB3100E40DFF /* Frameworks */,
				EEE00999 /* Products */,
			);
			sourceTree = "<group>";
		};
		EEE00001 /* ShabbatClock */ = {
			isa = PBXGroup;
			children = (
				EEE00002 /* App */,
				EEE00003 /* Models */,
				EEE00004 /* Services */,
				EEE00005 /* Utilities */,
				EEE00006 /* Views */,
				EEE00007 /* Resources */,
				BBB00201 /* Info.plist */,
				ED823FBF2F9D3B850084B452 /* GoogleService-Info.plist */,
				BBB00028 /* Products.storekit */,
				EDF6A1E42F23BA5C0052797F /* Media.xcassets */,
			);
			path = ShabbatClock;
			sourceTree = "<group>";
		};
		EEE00002 /* App */ = {
			isa = PBXGroup;
			children = (
				BBB00001 /* ShabbatClockApp.swift */,
				BBB00002 /* ContentView.swift */,
			);
			path = App;
			sourceTree = "<group>";
		};
		EEE00003 /* Models */ = {
			isa = PBXGroup;
			children = (
				BBB00010 /* Alarm.swift */,
				BBB00011 /* AlarmSound.swift */,
				BBB00012 /* ShabbatAlarmMetadata.swift */,
				BBB00400 /* CustomSound.swift */,
			);
			path = Models;
			sourceTree = "<group>";
		};
		EEE00004 /* Services */ = {
			isa = PBXGroup;
			children = (
				BBB00021 /* AudioManager.swift */,
				BBB00025 /* AlarmKitService.swift */,
				BBB00401 /* CustomSoundStore.swift */,
				BBB00402 /* AudioRecordingManager.swift */,
				BBB00405 /* CustomSoundDeletion.swift */,
				BBB00026 /* StopAlarmIntent.swift */,
				BBB00027 /* StoreManager.swift */,
				BBB00023 /* LocationManager.swift */,
				BBB00024 /* ZmanimService.swift */,
				028EB2C3066B848E89E860AB /* ZmanAlarmSyncService.swift */,
				C5037BE5C6470E9A17CA8F51 /* ShabbatReminderService.swift */,
				BBBANALY01 /* AnalyticsService.swift */,
				BBBRMTCFG01 /* RemoteConfigService.swift */,
			);
			path = Services;
			sourceTree = "<group>";
		};
		EEE00005 /* Utilities */ = {
			isa = PBXGroup;
			children = (
				BBB00030 /* Theme.swift */,
				BBB00031 /* AppURLs.swift */,
				BBB00032 /* TimeFormatter.swift */,
			);
			path = Utilities;
			sourceTree = "<group>";
		};
		EEE00006 /* Views */ = {
			isa = PBXGroup;
			children = (
				EEE00010 /* Components */,
				EEE00011 /* MainView */,
				EEE00012 /* AlarmList */,
				EEE00013 /* AlarmEdit */,
				EEE00015 /* Zmanim */,
				EEE00016 /* Settings */,
				EEE00017 /* Onboarding */,
			);
			path = Views;
			sourceTree = "<group>";
		};
		EEE00007 /* Resources */ = {
			isa = PBXGroup;
			children = (
				BBB00200 /* Sounds */,
				DD112233 /* Localizable.xcstrings */,
				DD112235 /* InfoPlist.xcstrings */,
				ED823F912F9D39F30084B452 /* RemoteConfigDefaults.plist */,
				BBBSECRE01 /* Secrets.plist */,
			);
			path = Resources;
			sourceTree = "<group>";
		};
		EEE00010 /* Components */ = {
			isa = PBXGroup;
			children = (
				BBB00040 /* NightSkyBackground.swift */,
				CCE4824B /* CitySearchView.swift */,
				CC27FEBA /* LocationRow.swift */,
				CC27FEBB /* PermissionPromptView.swift */,
				CC27FEBC /* SwipeToDelete.swift */,
				D53680684A0330FB9B8F8E8D /* AlarmSettingsSection.swift */,
				D53680694A0330FB9B8F8E8E /* RingSetupView.swift */,
				D536806A4A0330FB9B8F8E8F /* ShabbatChecklistView.swift */,
				D53680704A0330FB9B8F8E90 /* ZmanArcCard.swift */,
				AAA00001A0330FB9B8F8E902 /* ShabbatWeekArcCard.swift */,
				D53680714A0330FB9B8F8E91 /* AlarmPermissionBanner.swift */,
			);
			path = Components;
			sourceTree = "<group>";
		};
		EEE00011 /* MainView */ = {
			isa = PBXGroup;
			children = (
				BBB00050 /* AnalogClockView.swift */,
				BBB00051 /* MainClockView.swift */,
			);
			path = MainView;
			sourceTree = "<group>";
		};
		EEE00012 /* AlarmList */ = {
			isa = PBXGroup;
			children = (
				BBB00060 /* AlarmListView.swift */,
				BBB00061 /* AlarmRowView.swift */,
			);
			path = AlarmList;
			sourceTree = "<group>";
		};
		EEE00013 /* AlarmEdit */ = {
			isa = PBXGroup;
			children = (
				BBB00070 /* AlarmEditView.swift */,
				BBB00071 /* RepeatDaysPicker.swift */,
				BBB00072 /* SoundPickerView.swift */,
				BBB00403 /* AudioTrimmer.swift */,
				BBB00404 /* SoundRecordingView.swift */,
			);
			path = AlarmEdit;
			sourceTree = "<group>";
		};
		EEE00015 /* Zmanim */ = {
			isa = PBXGroup;
			children = (
				BBB00090 /* ZmanimView.swift */,
				20A4226EB6DEE08BEB8E2C17 /* ZmanAlarmSheet.swift */,
			);
			path = Zmanim;
			sourceTree = "<group>";
		};
		EEE00016 /* Settings */ = {
			isa = PBXGroup;
			children = (
				BBB00100 /* SettingsView.swift */,
				BBB00102 /* DebugView.swift */,
				BBB00406 /* CustomSoundsSettingsView.swift */,
				BBB00101 /* PremiumView.swift */,
			);
			path = Settings;
			sourceTree = "<group>";
		};
		EEE00017 /* Onboarding */ = {
			isa = PBXGroup;
			children = (
				BBB00103 /* OnboardingView.swift */,
			);
			path = Onboarding;
			sourceTree = "<group>";
		};
		EEE00999 /* Products */ = {
			isa = PBXGroup;
			children = (
				CCC00001 /* ShabbatClock.app */,
				EDE72F392F8BFB3100E40DFF /* widgetsExtension.appex */,
			);
			name = Products;
			sourceTree = "<group>";
		};
/* End PBXGroup section */

/* Begin PBXNativeTarget section */
		EDE72F382F8BFB3100E40DFF /* widgetsExtension */ = {
			isa = PBXNativeTarget;
			buildConfigurationList = EDE72F4D2F8BFB3200E40DFF /* Build configuration list for PBXNativeTarget "widgetsExtension" */;
			buildPhases = (
				EDE72F352F8BFB3100E40DFF /* Sources */,
				EDE72F362F8BFB3100E40DFF /* Frameworks */,
				EDE72F372F8BFB3100E40DFF /* Resources */,
			);
			buildRules = (
			);
			dependencies = (
			);
			fileSystemSynchronizedGroups = (
				EDE72F3F2F8BFB3100E40DFF /* widgets */,
			);
			name = widgetsExtension;
			productName = widgetsExtension;
			productReference = EDE72F392F8BFB3100E40DFF /* widgetsExtension.appex */;
			productType = "com.apple.product-type.app-extension";
		};
		FFF00001 /* ShabbatClock */ = {
			isa = PBXNativeTarget;
			buildConfigurationList = GGG00001 /* Build configuration list for PBXNativeTarget "ShabbatClock" */;
			buildPhases = (
				HHH00001 /* Sources */,
				DDD00001 /* Frameworks */,
				III00001 /* Resources */,
				EDE72F502F8BFB3200E40DFF /* Embed Foundation Extensions */,
			);
			buildRules = (
			);
			dependencies = (
				EDE72F4A2F8BFB3200E40DFF /* PBXTargetDependency */,
			);
			name = ShabbatClock;
			packageProductDependencies = (
				EDF6A1DF2F23A6860052797F /* KosherSwift */,
				ED823EEB2F9B8C9C0084B452 /* Mixpanel */,
				ED823F882F9D36E60084B452 /* FirebaseAnalytics */,
				ED823F8A2F9D36E60084B452 /* FirebaseRemoteConfig */,
			);
			productName = ShabbatClock;
			productReference = CCC00001 /* ShabbatClock.app */;
			productType = "com.apple.product-type.application";
		};
/* End PBXNativeTarget section */

/* Begin PBXProject section */
		JJJ00001 /* Project object */ = {
			isa = PBXProject;
			attributes = {
				BuildIndependentTargetsInParallel = 1;
				LastSwiftUpdateCheck = 2630;
				LastUpgradeCheck = 2630;
				TargetAttributes = {
					EDE72F382F8BFB3100E40DFF = {
						CreatedOnToolsVersion = 26.3;
					};
					FFF00001 = {
						CreatedOnToolsVersion = 15.0;
					};
				};
			};
			buildConfigurationList = KKK00001 /* Build configuration list for PBXProject "ShabbatClock" */;
			compatibilityVersion = "Xcode 14.0";
			developmentRegion = en;
			hasScannedForEncodings = 0;
			knownRegions = (
				en,
				he,
				Base,
			);
			mainGroup = EEE00000;
			packageReferences = (
				EDF6A1DE2F23A6860052797F /* XCRemoteSwiftPackageReference "KosherSwift" */,
				ED823EEA2F9B8C9C0084B452 /* XCRemoteSwiftPackageReference "mixpanel-swift" */,
				ED823F872F9D36E60084B452 /* XCRemoteSwiftPackageReference "firebase-ios-sdk" */,
			);
			productRefGroup = EEE00999 /* Products */;
			projectDirPath = "";
			projectRoot = "";
			targets = (
				FFF00001 /* ShabbatClock */,
				EDE72F382F8BFB3100E40DFF /* widgetsExtension */,
			);
		};
/* End PBXProject section */

/* Begin PBXResourcesBuildPhase section */
		EDE72F372F8BFB3100E40DFF /* Resources */ = {
			isa = PBXResourcesBuildPhase;
			buildActionMask = 2147483647;
			files = (
			);
			runOnlyForDeploymentPostprocessing = 0;
		};
		III00001 /* Resources */ = {
			isa = PBXResourcesBuildPhase;
			buildActionMask = 2147483647;
			files = (
				EDF6A1E52F23BA5C0052797F /* Media.xcassets in Resources */,
				ED823F922F9D39F30084B452 /* RemoteConfigDefaults.plist in Resources */,
				AAA00200 /* Sounds in Resources */,
				DD112234 /* Localizable.xcstrings in Resources */,
				DD112236 /* InfoPlist.xcstrings in Resources */,
				ED823FC02F9D3B850084B452 /* GoogleService-Info.plist in Resources */,
				AAASECRE01 /* Secrets.plist in Resources */,
			);
			runOnlyForDeploymentPostprocessing = 0;
		};
/* End PBXResourcesBuildPhase section */

/* Begin PBXSourcesBuildPhase section */
		EDE72F352F8BFB3100E40DFF /* Sources */ = {
			isa = PBXSourcesBuildPhase;
			buildActionMask = 2147483647;
			files = (
			);
			runOnlyForDeploymentPostprocessing = 0;
		};
		HHH00001 /* Sources */ = {
			isa = PBXSourcesBuildPhase;
			buildActionMask = 2147483647;
			files = (
				AAA00001 /* ShabbatClockApp.swift in Sources */,
				AAA00002 /* ContentView.swift in Sources */,
				AAA00010 /* Alarm.swift in Sources */,
				AAA00011 /* AlarmSound.swift in Sources */,
				AAA00012 /* ShabbatAlarmMetadata.swift in Sources */,
				AAA00400 /* CustomSound.swift in Sources */,
				AAA00401 /* CustomSoundStore.swift in Sources */,
				AAA00402 /* AudioRecordingManager.swift in Sources */,
				AAA00403 /* AudioTrimmer.swift in Sources */,
				AAA00404 /* SoundRecordingView.swift in Sources */,
				AAA00405 /* CustomSoundDeletion.swift in Sources */,
				AAA00406 /* CustomSoundsSettingsView.swift in Sources */,
				AAA00021 /* AudioManager.swift in Sources */,
				AAA00025 /* AlarmKitService.swift in Sources */,
				AAA00026 /* StopAlarmIntent.swift in Sources */,
				AAA00027 /* StoreManager.swift in Sources */,
				AAANALY01 /* AnalyticsService.swift in Sources */,
				AARMTCFG01 /* RemoteConfigService.swift in Sources */,
				AAA00023 /* LocationManager.swift in Sources */,
				AAA00024 /* ZmanimService.swift in Sources */,
				AAA00030 /* Theme.swift in Sources */,
				AAA00031 /* AppURLs.swift in Sources */,
				AAA00032 /* TimeFormatter.swift in Sources */,
				AAA00040 /* NightSkyBackground.swift in Sources */,
				DDAB2E76 /* CitySearchView.swift in Sources */,
				DD8859E3 /* LocationRow.swift in Sources */,
				DD8859E4 /* PermissionPromptView.swift in Sources */,
				DD8859E5 /* SwipeToDelete.swift in Sources */,
				AAA00050 /* AnalogClockView.swift in Sources */,
				AAA00051 /* MainClockView.swift in Sources */,
				AAA00060 /* AlarmListView.swift in Sources */,
				AAA00061 /* AlarmRowView.swift in Sources */,
				AAA00070 /* AlarmEditView.swift in Sources */,
				AAA00071 /* RepeatDaysPicker.swift in Sources */,
				AAA00072 /* SoundPickerView.swift in Sources */,
				AAA00090 /* ZmanimView.swift in Sources */,
				AAA00100 /* SettingsView.swift in Sources */,
				AAA00102 /* DebugView.swift in Sources */,
				AAA00103 /* OnboardingView.swift in Sources */,
				AAA00101 /* PremiumView.swift in Sources */,
				BF7213DF338B8C9C1EB62A43 /* ZmanAlarmSyncService.swift in Sources */,
				27A8F7D5C4375871A26FD7D4 /* AlarmSettingsSection.swift in Sources */,
				27A8F7D6C4375871A26FD7D5 /* RingSetupView.swift in Sources */,
				27A8F7D7C4375871A26FD7D6 /* ZmanArcCard.swift in Sources */,
				AAA00001A0330FB9B8F8E901 /* ShabbatWeekArcCard.swift in Sources */,
				27A8F7E1C4375871A26FD7E1 /* AlarmPermissionBanner.swift in Sources */,
				27A8F7D8C4375871A26FD7D7 /* ShabbatChecklistView.swift in Sources */,
				D40E6C7B840ABF9C1F8D35F9 /* ZmanAlarmSheet.swift in Sources */,
				FC9AFE400A4C3BA8F9DC6356 /* ShabbatReminderService.swift in Sources */,
			);
			runOnlyForDeploymentPostprocessing = 0;
		};
/* End PBXSourcesBuildPhase section */

/* Begin PBXTargetDependency section */
		EDE72F4A2F8BFB3200E40DFF /* PBXTargetDependency */ = {
			isa = PBXTargetDependency;
			target = EDE72F382F8BFB3100E40DFF /* widgetsExtension */;
			targetProxy = EDE72F492F8BFB3200E40DFF /* PBXContainerItemProxy */;
		};
/* End PBXTargetDependency section */

/* Begin XCBuildConfiguration section */
		EDE72F4E2F8BFB3200E40DFF /* Debug */ = {
			isa = XCBuildConfiguration;
			buildSettings = {
				ASSETCATALOG_COMPILER_GLOBAL_ACCENT_COLOR_NAME = AccentColor;
				ASSETCATALOG_COMPILER_WIDGET_BACKGROUND_COLOR_NAME = WidgetBackground;
				CODE_SIGN_ENTITLEMENTS = widgets/widgets.entitlements;
				CODE_SIGN_STYLE = Automatic;
				CURRENT_PROJECT_VERSION = 3;
				GENERATE_INFOPLIST_FILE = YES;
				INFOPLIST_FILE = widgets/Info.plist;
				INFOPLIST_KEY_CFBundleDisplayName = widgets;
				INFOPLIST_KEY_NSHumanReadableCopyright = "";
				IPHONEOS_DEPLOYMENT_TARGET = 26.0;
				LD_RUNPATH_SEARCH_PATHS = (
					"$(inherited)",
					"@executable_path/Frameworks",
					"@executable_path/../../Frameworks",
				);
				MARKETING_VERSION = 1.0.1;
				PRODUCT_BUNDLE_IDENTIFIER = works.delicious.shabbatclock.widgets;
				PRODUCT_NAME = "$(TARGET_NAME)";
				SKIP_INSTALL = YES;
				STRING_CATALOG_GENERATE_SYMBOLS = YES;
				SWIFT_APPROACHABLE_CONCURRENCY = YES;
				SWIFT_EMIT_LOC_STRINGS = YES;
				SWIFT_UPCOMING_FEATURE_MEMBER_IMPORT_VISIBILITY = YES;
				SWIFT_VERSION = 5.0;
				TARGETED_DEVICE_FAMILY = 1;
			};
			name = Debug;
		};
		EDE72F4F2F8BFB3200E40DFF /* Release */ = {
			isa = XCBuildConfiguration;
			buildSettings = {
				ASSETCATALOG_COMPILER_GLOBAL_ACCENT_COLOR_NAME = AccentColor;
				ASSETCATALOG_COMPILER_WIDGET_BACKGROUND_COLOR_NAME = WidgetBackground;
				CODE_SIGN_ENTITLEMENTS = widgets/widgets.entitlements;
				CODE_SIGN_STYLE = Automatic;
				CURRENT_PROJECT_VERSION = 3;
				GENERATE_INFOPLIST_FILE = YES;
				INFOPLIST_FILE = widgets/Info.plist;
				INFOPLIST_KEY_CFBundleDisplayName = widgets;
				INFOPLIST_KEY_NSHumanReadableCopyright = "";
				IPHONEOS_DEPLOYMENT_TARGET = 26.0;
				LD_RUNPATH_SEARCH_PATHS = (
					"$(inherited)",
					"@executable_path/Frameworks",
					"@executable_path/../../Frameworks",
				);
				MARKETING_VERSION = 1.0.1;
				PRODUCT_BUNDLE_IDENTIFIER = works.delicious.shabbatclock.widgets;
				PRODUCT_NAME = "$(TARGET_NAME)";
				SKIP_INSTALL = YES;
				STRING_CATALOG_GENERATE_SYMBOLS = YES;
				SWIFT_APPROACHABLE_CONCURRENCY = YES;
				SWIFT_EMIT_LOC_STRINGS = YES;
				SWIFT_UPCOMING_FEATURE_MEMBER_IMPORT_VISIBILITY = YES;
				SWIFT_VERSION = 5.0;
				TARGETED_DEVICE_FAMILY = 1;
			};
			name = Release;
		};
		LLL00001 /* Debug */ = {
			isa = XCBuildConfiguration;
			buildSettings = {
				ALWAYS_SEARCH_USER_PATHS = NO;
				ASSETCATALOG_COMPILER_GENERATE_SWIFT_ASSET_SYMBOL_EXTENSIONS = YES;
				CLANG_ANALYZER_NONNULL = YES;
				CLANG_ANALYZER_NUMBER_OBJECT_CONVERSION = YES_AGGRESSIVE;
				CLANG_CXX_LANGUAGE_STANDARD = "gnu++20";
				CLANG_ENABLE_MODULES = YES;
				CLANG_ENABLE_OBJC_ARC = YES;
				CLANG_ENABLE_OBJC_WEAK = YES;
				CLANG_WARN_BLOCK_CAPTURE_AUTORELEASING = YES;
				CLANG_WARN_BOOL_CONVERSION = YES;
				CLANG_WARN_COMMA = YES;
				CLANG_WARN_CONSTANT_CONVERSION = YES;
				CLANG_WARN_DEPRECATED_OBJC_IMPLEMENTATIONS = YES;
				CLANG_WARN_DIRECT_OBJC_ISA_USAGE = YES_ERROR;
				CLANG_WARN_DOCUMENTATION_COMMENTS = YES;
				CLANG_WARN_EMPTY_BODY = YES;
				CLANG_WARN_ENUM_CONVERSION = YES;
				CLANG_WARN_INFINITE_RECURSION = YES;
				CLANG_WARN_INT_CONVERSION = YES;
				CLANG_WARN_NON_LITERAL_NULL_CONVERSION = YES;
				CLANG_WARN_OBJC_IMPLICIT_RETAIN_SELF = YES;
				CLANG_WARN_OBJC_LITERAL_CONVERSION = YES;
				CLANG_WARN_OBJC_ROOT_CLASS = YES_ERROR;
				CLANG_WARN_QUOTED_INCLUDE_IN_FRAMEWORK_HEADER = YES;
				CLANG_WARN_RANGE_LOOP_ANALYSIS = YES;
				CLANG_WARN_STRICT_PROTOTYPES = YES;
				CLANG_WARN_SUSPICIOUS_MOVE = YES;
				CLANG_WARN_UNGUARDED_AVAILABILITY = YES_AGGRESSIVE;
				CLANG_WARN_UNREACHABLE_CODE = YES;
				CLANG_WARN__DUPLICATE_METHOD_MATCH = YES;
				COPY_PHASE_STRIP = NO;
				DEBUG_INFORMATION_FORMAT = dwarf;
				DEVELOPMENT_TEAM = 96Q22CQ4ED;
				ENABLE_STRICT_OBJC_MSGSEND = YES;
				ENABLE_TESTABILITY = YES;
				ENABLE_USER_SCRIPT_SANDBOXING = YES;
				GCC_C_LANGUAGE_STANDARD = gnu17;
				GCC_DYNAMIC_NO_PIC = NO;
				GCC_NO_COMMON_BLOCKS = YES;
				GCC_OPTIMIZATION_LEVEL = 0;
				GCC_PREPROCESSOR_DEFINITIONS = (
					"DEBUG=1",
					"$(inherited)",
				);
				GCC_WARN_64_TO_32_BIT_CONVERSION = YES;
				GCC_WARN_ABOUT_RETURN_TYPE = YES_ERROR;
				GCC_WARN_UNDECLARED_SELECTOR = YES;
				GCC_WARN_UNINITIALIZED_AUTOS = YES_AGGRESSIVE;
				GCC_WARN_UNUSED_FUNCTION = YES;
				GCC_WARN_UNUSED_VARIABLE = YES;
				IPHONEOS_DEPLOYMENT_TARGET = 26.0;
				LOCALIZATION_PREFERS_STRING_CATALOGS = YES;
				MTL_ENABLE_DEBUG_INFO = INCLUDE_SOURCE;
				MTL_FAST_MATH = YES;
				ONLY_ACTIVE_ARCH = YES;
				SDKROOT = iphoneos;
				STRING_CATALOG_GENERATE_SYMBOLS = YES;
				SWIFT_ACTIVE_COMPILATION_CONDITIONS = "DEBUG $(inherited)";
				SWIFT_OPTIMIZATION_LEVEL = "-Onone";
			};
			name = Debug;
		};
		LLL00002 /* Release */ = {
			isa = XCBuildConfiguration;
			buildSettings = {
				ALWAYS_SEARCH_USER_PATHS = NO;
				ASSETCATALOG_COMPILER_GENERATE_SWIFT_ASSET_SYMBOL_EXTENSIONS = YES;
				CLANG_ANALYZER_NONNULL = YES;
				CLANG_ANALYZER_NUMBER_OBJECT_CONVERSION = YES_AGGRESSIVE;
				CLANG_CXX_LANGUAGE_STANDARD = "gnu++20";
				CLANG_ENABLE_MODULES = YES;
				CLANG_ENABLE_OBJC_ARC = YES;
				CLANG_ENABLE_OBJC_WEAK = YES;
				CLANG_WARN_BLOCK_CAPTURE_AUTORELEASING = YES;
				CLANG_WARN_BOOL_CONVERSION = YES;
				CLANG_WARN_COMMA = YES;
				CLANG_WARN_CONSTANT_CONVERSION = YES;
				CLANG_WARN_DEPRECATED_OBJC_IMPLEMENTATIONS = YES;
				CLANG_WARN_DIRECT_OBJC_ISA_USAGE = YES_ERROR;
				CLANG_WARN_DOCUMENTATION_COMMENTS = YES;
				CLANG_WARN_EMPTY_BODY = YES;
				CLANG_WARN_ENUM_CONVERSION = YES;
				CLANG_WARN_INFINITE_RECURSION = YES;
				CLANG_WARN_INT_CONVERSION = YES;
				CLANG_WARN_NON_LITERAL_NULL_CONVERSION = YES;
				CLANG_WARN_OBJC_IMPLICIT_RETAIN_SELF = YES;
				CLANG_WARN_OBJC_LITERAL_CONVERSION = YES;
				CLANG_WARN_OBJC_ROOT_CLASS = YES_ERROR;
				CLANG_WARN_QUOTED_INCLUDE_IN_FRAMEWORK_HEADER = YES;
				CLANG_WARN_RANGE_LOOP_ANALYSIS = YES;
				CLANG_WARN_STRICT_PROTOTYPES = YES;
				CLANG_WARN_SUSPICIOUS_MOVE = YES;
				CLANG_WARN_UNGUARDED_AVAILABILITY = YES_AGGRESSIVE;
				CLANG_WARN_UNREACHABLE_CODE = YES;
				CLANG_WARN__DUPLICATE_METHOD_MATCH = YES;
				COPY_PHASE_STRIP = NO;
				DEBUG_INFORMATION_FORMAT = "dwarf-with-dsym";
				DEVELOPMENT_TEAM = 96Q22CQ4ED;
				ENABLE_NS_ASSERTIONS = NO;
				ENABLE_STRICT_OBJC_MSGSEND = YES;
				ENABLE_USER_SCRIPT_SANDBOXING = YES;
				GCC_C_LANGUAGE_STANDARD = gnu17;
				GCC_NO_COMMON_BLOCKS = YES;
				GCC_WARN_64_TO_32_BIT_CONVERSION = YES;
				GCC_WARN_ABOUT_RETURN_TYPE = YES_ERROR;
				GCC_WARN_UNDECLARED_SELECTOR = YES;
				GCC_WARN_UNINITIALIZED_AUTOS = YES_AGGRESSIVE;
				GCC_WARN_UNUSED_FUNCTION = YES;
				GCC_WARN_UNUSED_VARIABLE = YES;
				IPHONEOS_DEPLOYMENT_TARGET = 26.0;
				LOCALIZATION_PREFERS_STRING_CATALOGS = YES;
				MTL_ENABLE_DEBUG_INFO = NO;
				MTL_FAST_MATH = YES;
				SDKROOT = iphoneos;
				STRING_CATALOG_GENERATE_SYMBOLS = YES;
				SWIFT_COMPILATION_MODE = wholemodule;
				VALIDATE_PRODUCT = YES;
			};
			name = Release;
		};
		MMM00001 /* Debug */ = {
			isa = XCBuildConfiguration;
			buildSettings = {
				ASSETCATALOG_COMPILER_APPICON_NAME = AppIcon;
				ASSETCATALOG_COMPILER_GLOBAL_ACCENT_COLOR_NAME = AccentColor;
				ASSETCATALOG_COMPILER_INCLUDE_ALL_APPICON_ASSETS = YES;
				CODE_SIGN_ENTITLEMENTS = ShabbatClock/ShabbatClock.entitlements;
				CODE_SIGN_STYLE = Automatic;
				CURRENT_PROJECT_VERSION = 3;
				ENABLE_PREVIEWS = YES;
				GENERATE_INFOPLIST_FILE = NO;
				INFOPLIST_FILE = ShabbatClock/Info.plist;
				INFOPLIST_KEY_CFBundleDisplayName = "Shabbat Clock";
				INFOPLIST_KEY_LSApplicationCategoryType = "public.app-category.utilities";
				INFOPLIST_KEY_UIApplicationSceneManifest_Generation = YES;
				INFOPLIST_KEY_UIApplicationSupportsIndirectInputEvents = YES;
				INFOPLIST_KEY_UILaunchScreen_Generation = YES;
				INFOPLIST_KEY_UISupportedInterfaceOrientations_iPad = "UIInterfaceOrientationPortrait UIInterfaceOrientationPortraitUpsideDown UIInterfaceOrientationLandscapeLeft UIInterfaceOrientationLandscapeRight";
				INFOPLIST_KEY_UISupportedInterfaceOrientations_iPhone = UIInterfaceOrientationPortrait;
				IPHONEOS_DEPLOYMENT_TARGET = 26.0;
				LD_RUNPATH_SEARCH_PATHS = (
					"$(inherited)",
					"@executable_path/Frameworks",
				);
				MARKETING_VERSION = 1.0.1;
				PRODUCT_BUNDLE_IDENTIFIER = works.delicious.shabbatclock;
				PRODUCT_NAME = "$(TARGET_NAME)";
				SUPPORTED_PLATFORMS = "iphoneos iphonesimulator";
				SUPPORTS_MACCATALYST = NO;
				SWIFT_EMIT_LOC_STRINGS = YES;
				SWIFT_VERSION = 5.0;
				TARGETED_DEVICE_FAMILY = 1;
			};
			name = Debug;
		};
		MMM00002 /* Release */ = {
			isa = XCBuildConfiguration;
			buildSettings = {
				ASSETCATALOG_COMPILER_APPICON_NAME = AppIcon;
				ASSETCATALOG_COMPILER_GLOBAL_ACCENT_COLOR_NAME = AccentColor;
				ASSETCATALOG_COMPILER_INCLUDE_ALL_APPICON_ASSETS = YES;
				CODE_SIGN_ENTITLEMENTS = ShabbatClock/ShabbatClock.entitlements;
				CODE_SIGN_STYLE = Automatic;
				CURRENT_PROJECT_VERSION = 3;
				ENABLE_PREVIEWS = YES;
				GENERATE_INFOPLIST_FILE = NO;
				INFOPLIST_FILE = ShabbatClock/Info.plist;
				INFOPLIST_KEY_CFBundleDisplayName = "Shabbat Clock";
				INFOPLIST_KEY_LSApplicationCategoryType = "public.app-category.utilities";
				INFOPLIST_KEY_UIApplicationSceneManifest_Generation = YES;
				INFOPLIST_KEY_UIApplicationSupportsIndirectInputEvents = YES;
				INFOPLIST_KEY_UILaunchScreen_Generation = YES;
				INFOPLIST_KEY_UISupportedInterfaceOrientations_iPad = "UIInterfaceOrientationPortrait UIInterfaceOrientationPortraitUpsideDown UIInterfaceOrientationLandscapeLeft UIInterfaceOrientationLandscapeRight";
				INFOPLIST_KEY_UISupportedInterfaceOrientations_iPhone = UIInterfaceOrientationPortrait;
				IPHONEOS_DEPLOYMENT_TARGET = 26.0;
				LD_RUNPATH_SEARCH_PATHS = (
					"$(inherited)",
					"@executable_path/Frameworks",
				);
				MARKETING_VERSION = 1.0.1;
				PRODUCT_BUNDLE_IDENTIFIER = works.delicious.shabbatclock;
				PRODUCT_NAME = "$(TARGET_NAME)";
				SUPPORTED_PLATFORMS = "iphoneos iphonesimulator";
				SUPPORTS_MACCATALYST = NO;
				SWIFT_EMIT_LOC_STRINGS = YES;
				SWIFT_VERSION = 5.0;
				TARGETED_DEVICE_FAMILY = 1;
			};
			name = Release;
		};
/* End XCBuildConfiguration section */

/* Begin XCConfigurationList section */
		EDE72F4D2F8BFB3200E40DFF /* Build configuration list for PBXNativeTarget "widgetsExtension" */ = {
			isa = XCConfigurationList;
			buildConfigurations = (
				EDE72F4E2F8BFB3200E40DFF /* Debug */,
				EDE72F4F2F8BFB3200E40DFF /* Release */,
			);
			defaultConfigurationIsVisible = 0;
			defaultConfigurationName = Release;
		};
		GGG00001 /* Build configuration list for PBXNativeTarget "ShabbatClock" */ = {
			isa = XCConfigurationList;
			buildConfigurations = (
				MMM00001 /* Debug */,
				MMM00002 /* Release */,
			);
			defaultConfigurationIsVisible = 0;
			defaultConfigurationName = Release;
		};
		KKK00001 /* Build configuration list for PBXProject "ShabbatClock" */ = {
			isa = XCConfigurationList;
			buildConfigurations = (
				LLL00001 /* Debug */,
				LLL00002 /* Release */,
			);
			defaultConfigurationIsVisible = 0;
			defaultConfigurationName = Release;
		};
/* End XCConfigurationList section */

/* Begin XCRemoteSwiftPackageReference section */
		ED823EEA2F9B8C9C0084B452 /* XCRemoteSwiftPackageReference "mixpanel-swift" */ = {
			isa = XCRemoteSwiftPackageReference;
			repositoryURL = "https://github.com/mixpanel/mixpanel-swift";
			requirement = {
				kind = upToNextMajorVersion;
				minimumVersion = 6.3.0;
			};
		};
		ED823F872F9D36E60084B452 /* XCRemoteSwiftPackageReference "firebase-ios-sdk" */ = {
			isa = XCRemoteSwiftPackageReference;
			repositoryURL = "https://github.com/firebase/firebase-ios-sdk";
			requirement = {
				kind = upToNextMajorVersion;
				minimumVersion = 12.12.1;
			};
		};
		EDF6A1DE2F23A6860052797F /* XCRemoteSwiftPackageReference "KosherSwift" */ = {
			isa = XCRemoteSwiftPackageReference;
			repositoryURL = "https://github.com/Elyahu41/KosherSwift.git";
			requirement = {
				kind = upToNextMajorVersion;
				minimumVersion = 2.0.0;
			};
		};
/* End XCRemoteSwiftPackageReference section */

/* Begin XCSwiftPackageProductDependency section */
		ED823EEB2F9B8C9C0084B452 /* Mixpanel */ = {
			isa = XCSwiftPackageProductDependency;
			package = ED823EEA2F9B8C9C0084B452 /* XCRemoteSwiftPackageReference "mixpanel-swift" */;
			productName = Mixpanel;
		};
		ED823F882F9D36E60084B452 /* FirebaseAnalytics */ = {
			isa = XCSwiftPackageProductDependency;
			package = ED823F872F9D36E60084B452 /* XCRemoteSwiftPackageReference "firebase-ios-sdk" */;
			productName = FirebaseAnalytics;
		};
		ED823F8A2F9D36E60084B452 /* FirebaseRemoteConfig */ = {
			isa = XCSwiftPackageProductDependency;
			package = ED823F872F9D36E60084B452 /* XCRemoteSwiftPackageReference "firebase-ios-sdk" */;
			productName = FirebaseRemoteConfig;
		};
		EDF6A1DF2F23A6860052797F /* KosherSwift */ = {
			isa = XCSwiftPackageProductDependency;
			package = EDF6A1DE2F23A6860052797F /* XCRemoteSwiftPackageReference "KosherSwift" */;
			productName = KosherSwift;
		};
/* End XCSwiftPackageProductDependency section */
	};
	rootObject = JJJ00001 /* Project object */;
}
